
Microsoft Visual Studio Solution File, Format Version 12.00
# Visual Studio 14
VisualStudioVersion = 14.0.25420.1
MinimumVisualStudioVersion = 10.0.40219.1
Project("{FAE04EC0-301F-11D3-BF4B-00C04F79EFBC}") = "MVCRockers1", "MVCRockers1\MVCRockers1.csproj", "{C86D57CB-B248-4A62-AC22-877316C19933}"
EndProject
Project("{FAE04EC0-301F-11D3-BF4B-00C04F79EFBC}") = "MVCRockers1.Tests", "MVCRockers1.Tests\MVCRockers1.Tests.csproj", "{C129B457-10A5-4505-9A97-2AECB236A6DE}"
EndProject
Global
	GlobalSection(SolutionConfigurationPlatforms) = preSolution
		Debug|Any CPU = Debug|Any CPU
		Release|Any CPU = Release|Any CPU
	EndGlobalSection
	GlobalSection(ProjectConfigurationPlatforms) = postSolution
		{C86D57CB-B248-4A62-AC22-877316C19933}.Debug|Any CPU.ActiveCfg = Debug|Any CPU
		{C86D57CB-B248-4A62-AC22-877316C19933}.Debug|Any CPU.Build.0 = Debug|Any CPU
		{C86D57CB-B248-4A62-AC22-877316C19933}.Release|Any CPU.ActiveCfg = Release|Any CPU
		{C86D57CB-B248-4A62-AC22-877316C19933}.Release|Any CPU.Build.0 = Release|Any CPU
		{C129B457-10A5-4505-9A97-2AECB236A6DE}.Debug|Any CPU.ActiveCfg = Debug|Any CPU
		{C129B457-10A5-4505-9A97-2AECB236A6DE}.Debug|Any CPU.Build.0 = Debug|Any CPU
		{C129B457-10A5-4505-9A97-2AECB236A6DE}.Release|Any CPU.ActiveCfg = Release|Any CPU
		{C129B457-10A5-4505-9A97-2AECB236A6DE}.Release|Any CPU.Build.0 = Release|Any CPU
	EndGlobalSection
	GlobalSection(SolutionProperties) = preSolution
		HideSolutionNode = FALSE
	EndGlobalSection
EndGlobal
